
Microsoft Visual Studio Solution File, Format Version 12.00
# Visual Studio Version 17
VisualStudioVersion = 17.2.32519.379
MinimumVisualStudioVersion = 10.0.40219.1
Project("{FAE04EC0-301F-11D3-BF4B-00C04F79EFBC}") = "LeaveManagement.Web", "LeaveManagement.Web\LeaveManagement.Web.csproj", "{BDF23251-4851-4B2E-8F03-50DAD59AAED2}"
EndProject
Global
	GlobalSection(SolutionConfigurationPlatforms) = preSolution
		Debug|Any CPU = Debug|Any CPU
		Release|Any CPU = Release|Any CPU
	EndGlobalSection
	GlobalSection(ProjectConfigurationPlatforms) = postSolution
		{BDF23251-4851-4B2E-8F03-50DAD59AAED2}.Debug|Any CPU.ActiveCfg = Debug|Any CPU
		{BDF23251-4851-4B2E-8F03-50DAD59AAED2}.Debug|Any CPU.Build.0 = Debug|Any CPU
		{BDF23251-4851-4B2E-8F03-50DAD59AAED2}.Release|Any CPU.ActiveCfg = Release|Any CPU
		{BDF23251-4851-4B2E-8F03-50DAD59AAED2}.Release|Any CPU.Build.0 = Release|Any CPU
	EndGlobalSection
	GlobalSection(SolutionProperties) = preSolution
		HideSolutionNode = FALSE
	EndGlobalSection
	GlobalSection(ExtensibilityGlobals) = postSolution
		SolutionGuid = {FFDE0FFA-766F-41CB-B391-3B7E317CF522}
	EndGlobalSection
EndGlobal
