
Microsoft Visual Studio Solution File, Format Version 12.00
# Visual Studio Version 16
VisualStudioVersion = 16.0.32413.511
MinimumVisualStudioVersion = 10.0.40219.1
Project("{9A19103F-16F7-4668-BE54-9A1E7A4F7556}") = "BusReservation.Data", "BusReservation_Data\BusReservation.Data.csproj", "{6EDF4DB8-7CCB-4F78-9B3E-91C10881BCE5}"
EndProject
Project("{9A19103F-16F7-4668-BE54-9A1E7A4F7556}") = "BusReservation.Business", "BusReservation_Business\BusReservation.Business.csproj", "{A2005616-472F-4B48-99CA-8902A3771ED9}"
EndProject
Project("{9A19103F-16F7-4668-BE54-9A1E7A4F7556}") = "BusReservation.Entity", "BusReservation_Entity\BusReservation.Entity.csproj", "{A7AD6F89-0BF5-4683-8731-8BE042D84248}"
EndProject
Project("{FAE04EC0-301F-11D3-BF4B-00C04F79EFBC}") = "BusReservation.WebUI", "BusReservation.WebUI\BusReservation.WebUI.csproj", "{760C2341-5589-4466-AB81-6651F7D0CE34}"
EndProject
Global
	GlobalSection(SolutionConfigurationPlatforms) = preSolution
		Debug|Any CPU = Debug|Any CPU
		Release|Any CPU = Release|Any CPU
	EndGlobalSection
	GlobalSection(ProjectConfigurationPlatforms) = postSolution
		{6EDF4DB8-7CCB-4F78-9B3E-91C10881BCE5}.Debug|Any CPU.ActiveCfg = Debug|Any CPU
		{6EDF4DB8-7CCB-4F78-9B3E-91C10881BCE5}.Debug|Any CPU.Build.0 = Debug|Any CPU
		{6EDF4DB8-7CCB-4F78-9B3E-91C10881BCE5}.Release|Any CPU.ActiveCfg = Release|Any CPU
		{6EDF4DB8-7CCB-4F78-9B3E-91C10881BCE5}.Release|Any CPU.Build.0 = Release|Any CPU
		{A2005616-472F-4B48-99CA-8902A3771ED9}.Debug|Any CPU.ActiveCfg = Debug|Any CPU
		{A2005616-472F-4B48-99CA-8902A3771ED9}.Debug|Any CPU.Build.0 = Debug|Any CPU
		{A2005616-472F-4B48-99CA-8902A3771ED9}.Release|Any CPU.ActiveCfg = Release|Any CPU
		{A2005616-472F-4B48-99CA-8902A3771ED9}.Release|Any CPU.Build.0 = Release|Any CPU
		{A7AD6F89-0BF5-4683-8731-8BE042D84248}.Debug|Any CPU.ActiveCfg = Debug|Any CPU
		{A7AD6F89-0BF5-4683-8731-8BE042D84248}.Debug|Any CPU.Build.0 = Debug|Any CPU
		{A7AD6F89-0BF5-4683-8731-8BE042D84248}.Release|Any CPU.ActiveCfg = Release|Any CPU
		{A7AD6F89-0BF5-4683-8731-8BE042D84248}.Release|Any CPU.Build.0 = Release|Any CPU
		{760C2341-5589-4466-AB81-6651F7D0CE34}.Debug|Any CPU.ActiveCfg = Debug|Any CPU
		{760C2341-5589-4466-AB81-6651F7D0CE34}.Debug|Any CPU.Build.0 = Debug|Any CPU
		{760C2341-5589-4466-AB81-6651F7D0CE34}.Release|Any CPU.ActiveCfg = Release|Any CPU
		{760C2341-5589-4466-AB81-6651F7D0CE34}.Release|Any CPU.Build.0 = Release|Any CPU
	EndGlobalSection
	GlobalSection(SolutionProperties) = preSolution
		HideSolutionNode = FALSE
	EndGlobalSection
	GlobalSection(ExtensibilityGlobals) = postSolution
		SolutionGuid = {C306F9EB-CBD0-4EF5-9563-85AAD3055974}
	EndGlobalSection
EndGlobal
