
Microsoft Visual Studio Solution File, Format Version 12.00
# Visual Studio Version 16
VisualStudioVersion = 16.0.32413.511
MinimumVisualStudioVersion = 10.0.40219.1
Project("{FAE04EC0-301F-11D3-BF4B-00C04F79EFBC}") = "BusReservation_Data", "BusReservation_Data\BusReservation_Data.csproj", "{6EDF4DB8-7CCB-4F78-9B3E-91C10881BCE5}"
EndProject
Project("{FAE04EC0-301F-11D3-BF4B-00C04F79EFBC}") = "BusReservation_Business", "BusReservation_Business\BusReservation_Business.csproj", "{A2005616-472F-4B48-99CA-8902A3771ED9}"
EndProject
Project("{FAE04EC0-301F-11D3-BF4B-00C04F79EFBC}") = "BusReservation_Entity", "BusReservation_Entity\BusReservation_Entity.csproj", "{A7AD6F89-0BF5-4683-8731-8BE042D84248}"
EndProject
Project("{FAE04EC0-301F-11D3-BF4B-00C04F79EFBC}") = "BusReservation_WebUI", "BusReservation_WebUI\BusReservation_WebUI.csproj", "{E1B306F0-8854-4710-B729-716C45F38B58}"
EndProject
Global
	GlobalSection(SolutionConfigurationPlatforms) = preSolution
		Debug|Any CPU = Debug|Any CPU
		Release|Any CPU = Release|Any CPU
	EndGlobalSection
	GlobalSection(ProjectConfigurationPlatforms) = postSolution
		{6EDF4DB8-7CCB-4F78-9B3E-91C10881BCE5}.Debug|Any CPU.ActiveCfg = Debug|Any CPU
		{6EDF4DB8-7CCB-4F78-9B3E-91C10881BCE5}.Debug|Any CPU.Build.0 = Debug|Any CPU
		{6EDF4DB8-7CCB-4F78-9B3E-91C10881BCE5}.Release|Any CPU.ActiveCfg = Release|Any CPU
		{6EDF4DB8-7CCB-4F78-9B3E-91C10881BCE5}.Release|Any CPU.Build.0 = Release|Any CPU
		{A2005616-472F-4B48-99CA-8902A3771ED9}.Debug|Any CPU.ActiveCfg = Debug|Any CPU
		{A2005616-472F-4B48-99CA-8902A3771ED9}.Debug|Any CPU.Build.0 = Debug|Any CPU
		{A2005616-472F-4B48-99CA-8902A3771ED9}.Release|Any CPU.ActiveCfg = Release|Any CPU
		{A2005616-472F-4B48-99CA-8902A3771ED9}.Release|Any CPU.Build.0 = Release|Any CPU
		{A7AD6F89-0BF5-4683-8731-8BE042D84248}.Debug|Any CPU.ActiveCfg = Debug|Any CPU
		{A7AD6F89-0BF5-4683-8731-8BE042D84248}.Debug|Any CPU.Build.0 = Debug|Any CPU
		{A7AD6F89-0BF5-4683-8731-8BE042D84248}.Release|Any CPU.ActiveCfg = Release|Any CPU
		{A7AD6F89-0BF5-4683-8731-8BE042D84248}.Release|Any CPU.Build.0 = Release|Any CPU
		{E1B306F0-8854-4710-B729-716C45F38B58}.Debug|Any CPU.ActiveCfg = Debug|Any CPU
		{E1B306F0-8854-4710-B729-716C45F38B58}.Debug|Any CPU.Build.0 = Debug|Any CPU
		{E1B306F0-8854-4710-B729-716C45F38B58}.Release|Any CPU.ActiveCfg = Release|Any CPU
		{E1B306F0-8854-4710-B729-716C45F38B58}.Release|Any CPU.Build.0 = Release|Any CPU
	EndGlobalSection
	GlobalSection(SolutionProperties) = preSolution
		HideSolutionNode = FALSE
	EndGlobalSection
	GlobalSection(ExtensibilityGlobals) = postSolution
		SolutionGuid = {C306F9EB-CBD0-4EF5-9563-85AAD3055974}
	EndGlobalSection
EndGlobal
